// !$*UTF8*$!
{
	archiveVersion = 1;
	classes = {
	};
	objectVersion = 50;
	objects = {

/* Begin PBXBuildFile section */
		03D7DB5620C2FF1B00A3908A /* main.swift in Sources */ = {isa = PBXBuildFile; fileRef = 03D7DB5520C2FF1B00A3908A /* main.swift */; };
		03D7DB5E20C2FF3A00A3908A /* Neuron.swift in Sources */ = {isa = PBXBuildFile; fileRef = 03D7DB5D20C2FF3A00A3908A /* Neuron.swift */; };
		03D7DB6020C2FF7900A3908A /* InputNeuron.swift in Sources */ = {isa = PBXBuildFile; fileRef = 03D7DB5F20C2FF7900A3908A /* InputNeuron.swift */; };
		03D7DB6220C2FFBD00A3908A /* HiddenNeuron.swift in Sources */ = {isa = PBXBuildFile; fileRef = 03D7DB6120C2FFBD00A3908A /* HiddenNeuron.swift */; };
		03D7DB6420C2FFE400A3908A /* Connection.swift in Sources */ = {isa = PBXBuildFile; fileRef = 03D7DB6320C2FFE400A3908A /* Connection.swift */; };
		03D7DB6820C3007500A3908A /* NeuronalNetwork.swift in Sources */ = {isa = PBXBuildFile; fileRef = 03D7DB6720C3007500A3908A /* NeuronalNetwork.swift */; };
		03D7DB7020C306AC00A3908A /* NeuralNetTests.swift in Sources */ = {isa = PBXBuildFile; fileRef = 03D7DB6F20C306AC00A3908A /* NeuralNetTests.swift */; };
		03D7DBBE20C3115200A3908A /* Neuron.swift in Sources */ = {isa = PBXBuildFile; fileRef = 03D7DB5D20C2FF3A00A3908A /* Neuron.swift */; };
		03D7DBBF20C3115500A3908A /* InputNeuron.swift in Sources */ = {isa = PBXBuildFile; fileRef = 03D7DB5F20C2FF7900A3908A /* InputNeuron.swift */; };
		03D7DBC020C3115700A3908A /* HiddenNeuron.swift in Sources */ = {isa = PBXBuildFile; fileRef = 03D7DB6120C2FFBD00A3908A /* HiddenNeuron.swift */; };
		03D7DBC120C3115900A3908A /* main.swift in Sources */ = {isa = PBXBuildFile; fileRef = 03D7DB5520C2FF1B00A3908A /* main.swift */; };
		03D7DBC220C3115C00A3908A /* NeuronalNetwork.swift in Sources */ = {isa = PBXBuildFile; fileRef = 03D7DB6720C3007500A3908A /* NeuronalNetwork.swift */; };
		03D7DBC320C3115F00A3908A /* Connection.swift in Sources */ = {isa = PBXBuildFile; fileRef = 03D7DB6320C2FFE400A3908A /* Connection.swift */; };
/* End PBXBuildFile section */

/* Begin PBXCopyFilesBuildPhase section */
		03D7DB5020C2FF1B00A3908A /* CopyFiles */ = {
			isa = PBXCopyFilesBuildPhase;
			buildActionMask = 2147483647;
			dstPath = /usr/share/man/man1/;
			dstSubfolderSpec = 0;
			files = (
			);
			runOnlyForDeploymentPostprocessing = 1;
		};
/* End PBXCopyFilesBuildPhase section */

/* Begin PBXFileReference section */
		03D7DB5220C2FF1B00A3908A /* NeuralNet */ = {isa = PBXFileReference; explicitFileType = "compiled.mach-o.executable"; includeInIndex = 0; path = NeuralNet; sourceTree = BUILT_PRODUCTS_DIR; };
		03D7DB5520C2FF1B00A3908A /* main.swift */ = {isa = PBXFileReference; lastKnownFileType = sourcecode.swift; path = main.swift; sourceTree = "<group>"; };
		03D7DB5D20C2FF3A00A3908A /* Neuron.swift */ = {isa = PBXFileReference; lastKnownFileType = sourcecode.swift; path = Neuron.swift; sourceTree = "<group>"; };
		03D7DB5F20C2FF7900A3908A /* InputNeuron.swift */ = {isa = PBXFileReference; lastKnownFileType = sourcecode.swift; path = InputNeuron.swift; sourceTree = "<group>"; };
		03D7DB6120C2FFBD00A3908A /* HiddenNeuron.swift */ = {isa = PBXFileReference; lastKnownFileType = sourcecode.swift; path = HiddenNeuron.swift; sourceTree = "<group>"; };
		03D7DB6320C2FFE400A3908A /* Connection.swift */ = {isa = PBXFileReference; lastKnownFileType = sourcecode.swift; path = Connection.swift; sourceTree = "<group>"; };
		03D7DB6720C3007500A3908A /* NeuronalNetwork.swift */ = {isa = PBXFileReference; lastKnownFileType = sourcecode.swift; path = NeuronalNetwork.swift; sourceTree = "<group>"; };
		03D7DB6D20C306AB00A3908A /* NeuralNetTests.xctest */ = {isa = PBXFileReference; explicitFileType = wrapper.cfbundle; includeInIndex = 0; path = NeuralNetTests.xctest; sourceTree = BUILT_PRODUCTS_DIR; };
		03D7DB6F20C306AC00A3908A /* NeuralNetTests.swift */ = {isa = PBXFileReference; lastKnownFileType = sourcecode.swift; path = NeuralNetTests.swift; sourceTree = "<group>"; };
		03D7DB7120C306AC00A3908A /* Info.plist */ = {isa = PBXFileReference; lastKnownFileType = text.plist.xml; path = Info.plist; sourceTree = "<group>"; };
/* End PBXFileReference section */

/* Begin PBXFrameworksBuildPhase section */
		03D7DB4F20C2FF1B00A3908A /* Frameworks */ = {
			isa = PBXFrameworksBuildPhase;
			buildActionMask = 2147483647;
			files = (
			);
			runOnlyForDeploymentPostprocessing = 0;
		};
		03D7DB6A20C306AB00A3908A /* Frameworks */ = {
			isa = PBXFrameworksBuildPhase;
			buildActionMask = 2147483647;
			files = (
			);
			runOnlyForDeploymentPostprocessing = 0;
		};
/* End PBXFrameworksBuildPhase section */

/* Begin PBXGroup section */
		03D7DB4920C2FF1B00A3908A = {
			isa = PBXGroup;
			children = (
				03D7DB5420C2FF1B00A3908A /* NeuralNet */,
				03D7DB6E20C306AC00A3908A /* NeuralNetTests */,
				03D7DB5320C2FF1B00A3908A /* Products */,
			);
			sourceTree = "<group>";
		};
		03D7DB5320C2FF1B00A3908A /* Products */ = {
			isa = PBXGroup;
			children = (
				03D7DB5220C2FF1B00A3908A /* NeuralNet */,
				03D7DB6D20C306AB00A3908A /* NeuralNetTests.xctest */,
			);
			name = Products;
			sourceTree = "<group>";
		};
		03D7DB5420C2FF1B00A3908A /* NeuralNet */ = {
			isa = PBXGroup;
			children = (
				03D7DB6320C2FFE400A3908A /* Connection.swift */,
				03D7DB5C20C2FF2D00A3908A /* Neurons */,
				03D7DB5520C2FF1B00A3908A /* main.swift */,
				03D7DB6720C3007500A3908A /* NeuronalNetwork.swift */,
			);
			path = NeuralNet;
			sourceTree = "<group>";
		};
		03D7DB5C20C2FF2D00A3908A /* Neurons */ = {
			isa = PBXGroup;
			children = (
				03D7DB5D20C2FF3A00A3908A /* Neuron.swift */,
				03D7DB5F20C2FF7900A3908A /* InputNeuron.swift */,
				03D7DB6120C2FFBD00A3908A /* HiddenNeuron.swift */,
			);
			path = Neurons;
			sourceTree = "<group>";
		};
		03D7DB6E20C306AC00A3908A /* NeuralNetTests */ = {
			isa = PBXGroup;
			children = (
				03D7DB6F20C306AC00A3908A /* NeuralNetTests.swift */,
				03D7DB7120C306AC00A3908A /* Info.plist */,
			);
			path = NeuralNetTests;
			sourceTree = "<group>";
		};
/* End PBXGroup section */

/* Begin PBXNativeTarget section */
		03D7DB5120C2FF1B00A3908A /* NeuralNet */ = {
			isa = PBXNativeTarget;
			buildConfigurationList = 03D7DB5920C2FF1B00A3908A /* Build configuration list for PBXNativeTarget "NeuralNet" */;
			buildPhases = (
				03D7DB4E20C2FF1B00A3908A /* Sources */,
				03D7DB4F20C2FF1B00A3908A /* Frameworks */,
				03D7DB5020C2FF1B00A3908A /* CopyFiles */,
			);
			buildRules = (
			);
			dependencies = (
			);
			name = NeuralNet;
			productName = NeuralNet;
			productReference = 03D7DB5220C2FF1B00A3908A /* NeuralNet */;
			productType = "com.apple.product-type.tool";
		};
		03D7DB6C20C306AB00A3908A /* NeuralNetTests */ = {
			isa = PBXNativeTarget;
			buildConfigurationList = 03D7DB7220C306AC00A3908A /* Build configuration list for PBXNativeTarget "NeuralNetTests" */;
			buildPhases = (
				03D7DB6920C306AB00A3908A /* Sources */,
				03D7DB6A20C306AB00A3908A /* Frameworks */,
				03D7DB6B20C306AB00A3908A /* Resources */,
			);
			buildRules = (
			);
			dependencies = (
			);
			name = NeuralNetTests;
			productName = NeuralNetTests;
			productReference = 03D7DB6D20C306AB00A3908A /* NeuralNetTests.xctest */;
			productType = "com.apple.product-type.bundle.unit-test";
		};
/* End PBXNativeTarget section */

/* Begin PBXProject section */
		03D7DB4A20C2FF1B00A3908A /* Project object */ = {
			isa = PBXProject;
			attributes = {
				LastSwiftUpdateCheck = 0940;
				LastUpgradeCheck = 0940;
				ORGANIZATIONNAME = "Joshua Brunhuber";
				TargetAttributes = {
					03D7DB5120C2FF1B00A3908A = {
						CreatedOnToolsVersion = 9.4;
					};
					03D7DB6C20C306AB00A3908A = {
						CreatedOnToolsVersion = 9.4;
					};
				};
			};
			buildConfigurationList = 03D7DB4D20C2FF1B00A3908A /* Build configuration list for PBXProject "NeuralNet" */;
			compatibilityVersion = "Xcode 9.3";
			developmentRegion = en;
			hasScannedForEncodings = 0;
			knownRegions = (
				en,
			);
			mainGroup = 03D7DB4920C2FF1B00A3908A;
			productRefGroup = 03D7DB5320C2FF1B00A3908A /* Products */;
			projectDirPath = "";
			projectRoot = "";
			targets = (
				03D7DB5120C2FF1B00A3908A /* NeuralNet */,
				03D7DB6C20C306AB00A3908A /* NeuralNetTests */,
			);
		};
/* End PBXProject section */

/* Begin PBXResourcesBuildPhase section */
		03D7DB6B20C306AB00A3908A /* Resources */ = {
			isa = PBXResourcesBuildPhase;
			buildActionMask = 2147483647;
			files = (
			);
			runOnlyForDeploymentPostprocessing = 0;
		};
/* End PBXResourcesBuildPhase section */

/* Begin PBXSourcesBuildPhase section */
		03D7DB4E20C2FF1B00A3908A /* Sources */ = {
			isa = PBXSourcesBuildPhase;
			buildActionMask = 2147483647;
			files = (
				03D7DB6220C2FFBD00A3908A /* HiddenNeuron.swift in Sources */,
				03D7DB6820C3007500A3908A /* NeuronalNetwork.swift in Sources */,
				03D7DB5E20C2FF3A00A3908A /* Neuron.swift in Sources */,
				03D7DB6420C2FFE400A3908A /* Connection.swift in Sources */,
				03D7DB6020C2FF7900A3908A /* InputNeuron.swift in Sources */,
				03D7DB5620C2FF1B00A3908A /* main.swift in Sources */,
			);
			runOnlyForDeploymentPostprocessing = 0;
		};
		03D7DB6920C306AB00A3908A /* Sources */ = {
			isa = PBXSourcesBuildPhase;
			buildActionMask = 2147483647;
			files = (
				03D7DBC020C3115700A3908A /* HiddenNeuron.swift in Sources */,
				03D7DBC120C3115900A3908A /* main.swift in Sources */,
				03D7DBC220C3115C00A3908A /* NeuronalNetwork.swift in Sources */,
				03D7DBBE20C3115200A3908A /* Neuron.swift in Sources */,
				03D7DBBF20C3115500A3908A /* InputNeuron.swift in Sources */,
				03D7DB7020C306AC00A3908A /* NeuralNetTests.swift in Sources */,
				03D7DBC320C3115F00A3908A /* Connection.swift in Sources */,
			);
			runOnlyForDeploymentPostprocessing = 0;
		};
/* End PBXSourcesBuildPhase section */

/* Begin XCBuildConfiguration section */
		03D7DB5720C2FF1B00A3908A /* Debug */ = {
			isa = XCBuildConfiguration;
			buildSettings = {
				ALWAYS_SEARCH_USER_PATHS = NO;
				CLANG_ANALYZER_NONNULL = YES;
				CLANG_ANALYZER_NUMBER_OBJECT_CONVERSION = YES_AGGRESSIVE;
				CLANG_CXX_LANGUAGE_STANDARD = "gnu++14";
				CLANG_CXX_LIBRARY = "libc++";
				CLANG_ENABLE_MODULES = YES;
				CLANG_ENABLE_OBJC_ARC = YES;
				CLANG_ENABLE_OBJC_WEAK = YES;
				CLANG_WARN_BLOCK_CAPTURE_AUTORELEASING = YES;
				CLANG_WARN_BOOL_CONVERSION = YES;
				CLANG_WARN_COMMA = YES;
				CLANG_WARN_CONSTANT_CONVERSION = YES;
				CLANG_WARN_DEPRECATED_OBJC_IMPLEMENTATIONS = YES;
				CLANG_WARN_DIRECT_OBJC_ISA_USAGE = YES_ERROR;
				CLANG_WARN_DOCUMENTATION_COMMENTS = YES;
				CLANG_WARN_EMPTY_BODY = YES;
				CLANG_WARN_ENUM_CONVERSION = YES;
				CLANG_WARN_INFINITE_RECURSION = YES;
				CLANG_WARN_INT_CONVERSION = YES;
				CLANG_WARN_NON_LITERAL_NULL_CONVERSION = YES;
				CLANG_WARN_OBJC_IMPLICIT_RETAIN_SELF = YES;
				CLANG_WARN_OBJC_LITERAL_CONVERSION = YES;
				CLANG_WARN_OBJC_ROOT_CLASS = YES_ERROR;
				CLANG_WARN_RANGE_LOOP_ANALYSIS = YES;
				CLANG_WARN_STRICT_PROTOTYPES = YES;
				CLANG_WARN_SUSPICIOUS_MOVE = YES;
				CLANG_WARN_UNGUARDED_AVAILABILITY = YES_AGGRESSIVE;
				CLANG_WARN_UNREACHABLE_CODE = YES;
				CLANG_WARN__DUPLICATE_METHOD_MATCH = YES;
				CODE_SIGN_IDENTITY = "-";
				COPY_PHASE_STRIP = NO;
				DEBUG_INFORMATION_FORMAT = dwarf;
				ENABLE_STRICT_OBJC_MSGSEND = YES;
				ENABLE_TESTABILITY = YES;
				GCC_C_LANGUAGE_STANDARD = gnu11;
				GCC_DYNAMIC_NO_PIC = NO;
				GCC_NO_COMMON_BLOCKS = YES;
				GCC_OPTIMIZATION_LEVEL = 0;
				GCC_PREPROCESSOR_DEFINITIONS = (
					"DEBUG=1",
					"$(inherited)",
				);
				GCC_WARN_64_TO_32_BIT_CONVERSION = YES;
				GCC_WARN_ABOUT_RETURN_TYPE = YES_ERROR;
				GCC_WARN_UNDECLARED_SELECTOR = YES;
				GCC_WARN_UNINITIALIZED_AUTOS = YES_AGGRESSIVE;
				GCC_WARN_UNUSED_FUNCTION = YES;
				GCC_WARN_UNUSED_VARIABLE = YES;
				MACOSX_DEPLOYMENT_TARGET = 10.13;
				MTL_ENABLE_DEBUG_INFO = YES;
				ONLY_ACTIVE_ARCH = YES;
				SDKROOT = macosx;
				SWIFT_ACTIVE_COMPILATION_CONDITIONS = DEBUG;
				SWIFT_OPTIMIZATION_LEVEL = "-Onone";
			};
			name = Debug;
		};
		03D7DB5820C2FF1B00A3908A /* Release */ = {
			isa = XCBuildConfiguration;
			buildSettings = {
				ALWAYS_SEARCH_USER_PATHS = NO;
				CLANG_ANALYZER_NONNULL = YES;
				CLANG_ANALYZER_NUMBER_OBJECT_CONVERSION = YES_AGGRESSIVE;
				CLANG_CXX_LANGUAGE_STANDARD = "gnu++14";
				CLANG_CXX_LIBRARY = "libc++";
				CLANG_ENABLE_MODULES = YES;
				CLANG_ENABLE_OBJC_ARC = YES;
				CLANG_ENABLE_OBJC_WEAK = YES;
				CLANG_WARN_BLOCK_CAPTURE_AUTORELEASING = YES;
				CLANG_WARN_BOOL_CONVERSION = YES;
				CLANG_WARN_COMMA = YES;
				CLANG_WARN_CONSTANT_CONVERSION = YES;
				CLANG_WARN_DEPRECATED_OBJC_IMPLEMENTATIONS = YES;
				CLANG_WARN_DIRECT_OBJC_ISA_USAGE = YES_ERROR;
				CLANG_WARN_DOCUMENTATION_COMMENTS = YES;
				CLANG_WARN_EMPTY_BODY = YES;
				CLANG_WARN_ENUM_CONVERSION = YES;
				CLANG_WARN_INFINITE_RECURSION = YES;
				CLANG_WARN_INT_CONVERSION = YES;
				CLANG_WARN_NON_LITERAL_NULL_CONVERSION = YES;
				CLANG_WARN_OBJC_IMPLICIT_RETAIN_SELF = YES;
				CLANG_WARN_OBJC_LITERAL_CONVERSION = YES;
				CLANG_WARN_OBJC_ROOT_CLASS = YES_ERROR;
				CLANG_WARN_RANGE_LOOP_ANALYSIS = YES;
				CLANG_WARN_STRICT_PROTOTYPES = YES;
				CLANG_WARN_SUSPICIOUS_MOVE = YES;
				CLANG_WARN_UNGUARDED_AVAILABILITY = YES_AGGRESSIVE;
				CLANG_WARN_UNREACHABLE_CODE = YES;
				CLANG_WARN__DUPLICATE_METHOD_MATCH = YES;
				CODE_SIGN_IDENTITY = "-";
				COPY_PHASE_STRIP = NO;
				DEBUG_INFORMATION_FORMAT = "dwarf-with-dsym";
				ENABLE_NS_ASSERTIONS = NO;
				ENABLE_STRICT_OBJC_MSGSEND = YES;
				GCC_C_LANGUAGE_STANDARD = gnu11;
				GCC_NO_COMMON_BLOCKS = YES;
				GCC_WARN_64_TO_32_BIT_CONVERSION = YES;
				GCC_WARN_ABOUT_RETURN_TYPE = YES_ERROR;
				GCC_WARN_UNDECLARED_SELECTOR = YES;
				GCC_WARN_UNINITIALIZED_AUTOS = YES_AGGRESSIVE;
				GCC_WARN_UNUSED_FUNCTION = YES;
				GCC_WARN_UNUSED_VARIABLE = YES;
				MACOSX_DEPLOYMENT_TARGET = 10.13;
				MTL_ENABLE_DEBUG_INFO = NO;
				SDKROOT = macosx;
				SWIFT_COMPILATION_MODE = wholemodule;
				SWIFT_OPTIMIZATION_LEVEL = "-O";
			};
			name = Release;
		};
		03D7DB5A20C2FF1B00A3908A /* Debug */ = {
			isa = XCBuildConfiguration;
			buildSettings = {
				CODE_SIGN_STYLE = Automatic;
				PRODUCT_NAME = "$(TARGET_NAME)";
				SWIFT_VERSION = 4.0;
			};
			name = Debug;
		};
		03D7DB5B20C2FF1B00A3908A /* Release */ = {
			isa = XCBuildConfiguration;
			buildSettings = {
				CODE_SIGN_STYLE = Automatic;
				PRODUCT_NAME = "$(TARGET_NAME)";
				SWIFT_VERSION = 4.0;
			};
			name = Release;
		};
		03D7DB7320C306AC00A3908A /* Debug */ = {
			isa = XCBuildConfiguration;
			buildSettings = {
				CODE_SIGN_STYLE = Automatic;
				COMBINE_HIDPI_IMAGES = YES;
				INFOPLIST_FILE = NeuralNetTests/Info.plist;
				LD_RUNPATH_SEARCH_PATHS = (
					"$(inherited)",
					"@executable_path/../Frameworks",
					"@loader_path/../Frameworks",
				);
				PRODUCT_BUNDLE_IDENTIFIER = de.joshtastic.NeuralNetTests;
				PRODUCT_NAME = "$(TARGET_NAME)";
				SWIFT_VERSION = 4.0;
			};
			name = Debug;
		};
		03D7DB7420C306AC00A3908A /* Release */ = {
			isa = XCBuildConfiguration;
			buildSettings = {
				CODE_SIGN_STYLE = Automatic;
				COMBINE_HIDPI_IMAGES = YES;
				INFOPLIST_FILE = NeuralNetTests/Info.plist;
				LD_RUNPATH_SEARCH_PATHS = (
					"$(inherited)",
					"@executable_path/../Frameworks",
					"@loader_path/../Frameworks",
				);
				PRODUCT_BUNDLE_IDENTIFIER = de.joshtastic.NeuralNetTests;
				PRODUCT_NAME = "$(TARGET_NAME)";
				SWIFT_VERSION = 4.0;
			};
			name = Release;
		};
/* End XCBuildConfiguration section */

/* Begin XCConfigurationList section */
		03D7DB4D20C2FF1B00A3908A /* Build configuration list for PBXProject "NeuralNet" */ = {
			isa = XCConfigurationList;
			buildConfigurations = (
				03D7DB5720C2FF1B00A3908A /* Debug */,
				03D7DB5820C2FF1B00A3908A /* Release */,
			);
			defaultConfigurationIsVisible = 0;
			defaultConfigurationName = Release;
		};
		03D7DB5920C2FF1B00A3908A /* Build configuration list for PBXNativeTarget "NeuralNet" */ = {
			isa = XCConfigurationList;
			buildConfigurations = (
				03D7DB5A20C2FF1B00A3908A /* Debug */,
				03D7DB5B20C2FF1B00A3908A /* Release */,
			);
			defaultConfigurationIsVisible = 0;
			defaultConfigurationName = Release;
		};
		03D7DB7220C306AC00A3908A /* Build configuration list for PBXNativeTarget "NeuralNetTests" */ = {
			isa = XCConfigurationList;
			buildConfigurations = (
				03D7DB7320C306AC00A3908A /* Debug */,
				03D7DB7420C306AC00A3908A /* Release */,
			);
			defaultConfigurationIsVisible = 0;
			defaultConfigurationName = Release;
		};
/* End XCConfigurationList section */
	};
	rootObject = 03D7DB4A20C2FF1B00A3908A /* Project object */;
}
